Microsoft Visual Studio Solution File, Format Version 12.00
# Visual Studio Version 17
VisualStudioVersion = 17.5.2.0
MinimumVisualStudioVersion = 10.0.40219.1
Project("{FAE04EC0-301F-11D3-BF4B-00C04F79EFBC}") = "AudioPlayerProject", "AudioPlayerProject.csproj", "{1D1AD9A1-3ADD-093D-615A-619CDB730D3D}"
EndProject
Global
	GlobalSection(SolutionConfigurationPlatforms) = preSolution
		Debug|Any CPU = Debug|Any CPU
		Release|Any CPU = Release|Any CPU
	EndGlobalSection
	GlobalSection(ProjectConfigurationPlatforms) = postSolution
		{1D1AD9A1-3ADD-093D-615A-619CDB730D3D}.Debug|Any CPU.ActiveCfg = Debug|Any CPU
		{1D1AD9A1-3ADD-093D-615A-619CDB730D3D}.Debug|Any CPU.Build.0 = Debug|Any CPU
		{1D1AD9A1-3ADD-093D-615A-619CDB730D3D}.Release|Any CPU.ActiveCfg = Release|Any CPU
		{1D1AD9A1-3ADD-093D-615A-619CDB730D3D}.Release|Any CPU.Build.0 = Release|Any CPU
	EndGlobalSection
	GlobalSection(SolutionProperties) = preSolution
		HideSolutionNode = FALSE
	EndGlobalSection
	GlobalSection(ExtensibilityGlobals) = postSolution
		SolutionGuid = {BFF6ACF5-5C2A-4FB4-B4D2-F88DFABD2B06}
	EndGlobalSection
EndGlobal
